
Microsoft Visual Studio Solution File, Format Version 12.00
# Visual Studio 15
VisualStudioVersion = 15.0.27428.1
MinimumVisualStudioVersion = 10.0.40219.1
Project("{FAE04EC0-301F-11D3-BF4B-00C04F79EFBC}") = "GrainInterfaces", "GrainInterfaces\GrainInterfaces.csproj", "{E3FA90E2-AA6B-49D8-906F-D812EA492F7E}"
EndProject
Project("{FAE04EC0-301F-11D3-BF4B-00C04F79EFBC}") = "GrainCollection", "Grains\GrainCollection.csproj", "{52F0CEE7-552D-4C78-BA4C-4B44A06525B2}"
EndProject
Project("{FAE04EC0-301F-11D3-BF4B-00C04F79EFBC}") = "Host", "Host\Host.csproj", "{70060981-A98A-4DB4-B12E-55590CD68059}"
EndProject
Global
	GlobalSection(SolutionConfigurationPlatforms) = preSolution
		Debug|Any CPU = Debug|Any CPU
		Release|Any CPU = Release|Any CPU
	EndGlobalSection
	GlobalSection(ProjectConfigurationPlatforms) = postSolution
		{E3FA90E2-AA6B-49D8-906F-D812EA492F7E}.Debug|Any CPU.ActiveCfg = Debug|Any CPU
		{E3FA90E2-AA6B-49D8-906F-D812EA492F7E}.Debug|Any CPU.Build.0 = Debug|Any CPU
		{E3FA90E2-AA6B-49D8-906F-D812EA492F7E}.Release|Any CPU.ActiveCfg = Release|Any CPU
		{E3FA90E2-AA6B-49D8-906F-D812EA492F7E}.Release|Any CPU.Build.0 = Release|Any CPU
		{52F0CEE7-552D-4C78-BA4C-4B44A06525B2}.Debug|Any CPU.ActiveCfg = Debug|Any CPU
		{52F0CEE7-552D-4C78-BA4C-4B44A06525B2}.Debug|Any CPU.Build.0 = Debug|Any CPU
		{52F0CEE7-552D-4C78-BA4C-4B44A06525B2}.Release|Any CPU.ActiveCfg = Release|Any CPU
		{52F0CEE7-552D-4C78-BA4C-4B44A06525B2}.Release|Any CPU.Build.0 = Release|Any CPU
		{70060981-A98A-4DB4-B12E-55590CD68059}.Debug|Any CPU.ActiveCfg = Debug|Any CPU
		{70060981-A98A-4DB4-B12E-55590CD68059}.Debug|Any CPU.Build.0 = Debug|Any CPU
		{70060981-A98A-4DB4-B12E-55590CD68059}.Release|Any CPU.ActiveCfg = Release|Any CPU
		{70060981-A98A-4DB4-B12E-55590CD68059}.Release|Any CPU.Build.0 = Release|Any CPU
	EndGlobalSection
	GlobalSection(SolutionProperties) = preSolution
		HideSolutionNode = FALSE
	EndGlobalSection
	GlobalSection(ExtensibilityGlobals) = postSolution
		SolutionGuid = {4FCDF3AE-C829-49A0-A3AD-BEB0F0E4E0D8}
	EndGlobalSection
EndGlobal
